<?xml version="1.0" encoding="utf-8"?>
<Project ToolsVersion="4.0" xmlns="http://schemas.microsoft.com/developer/msbuild/2003">
  <ItemGroup>
    <Filter Include="源文件">
      <UniqueIdentifier>{4FC737F1-C7A5-4376-A066-2A32D752A2FF}</UniqueIdentifier>
      <Extensions>cpp;c;cc;cxx;c++;cppm;ixx;def;odl;idl;hpj;bat;asm;asmx</Extensions>
    </Filter>
    <Filter Include="头文件">
      <UniqueIdentifier>{93995380-89BD-4b04-88EB-625FBE52EBFB}</UniqueIdentifier>
      <Extensions>h;hh;hpp;hxx;h++;hm;inl;inc;ipp;xsd</Extensions>
    </Filter>
    <Filter Include="资源文件">
      <UniqueIdentifier>{67DA6AB6-F800-4c08-8B7A-83BB121AAD01}</UniqueIdentifier>
      <Extensions>rc;ico;cur;bmp;dlg;rc2;rct;bin;rgs;gif;jpg;jpeg;jpe;resx;tiff;tif;png;wav;mfcribbon-ms</Extensions>
    </Filter>
    <Filter Include="头文件\util">
      <UniqueIdentifier>{a8461e9d-8df4-4b3a-b07f-c799486c02d4}</UniqueIdentifier>
    </Filter>
    <Filter Include="源文件\util">
      <UniqueIdentifier>{838633c2-822c-410d-92dd-1c14b23eb22f}</UniqueIdentifier>
    </Filter>
    <Filter Include="头文件\indicator">
      <UniqueIdentifier>{1616e844-2692-414d-a442-43e9f245c8de}</UniqueIdentifier>
    </Filter>
    <Filter Include="源文件\indicator">
      <UniqueIdentifier>{d1a5d46e-8627-4381-b61d-48d805e06fe4}</UniqueIdentifier>
    </Filter>
  </ItemGroup>
  <ItemGroup>
    <ClInclude Include="ImageFilter.h">
      <Filter>头文件</Filter>
    </ClInclude>
    <ClInclude Include="Indicator.h">
      <Filter>头文件</Filter>
    </ClInclude>
    <ClInclude Include="FilterOutput.h">
      <Filter>头文件</Filter>
    </ClInclude>
    <ClInclude Include="util\Visualizer.h">
      <Filter>头文件\util</Filter>
    </ClInclude>
    <ClInclude Include="util\JSONParser.h">
      <Filter>头文件\util</Filter>
    </ClInclude>
    <ClInclude Include="indicator\SplitIndicator.h">
      <Filter>头文件\indicator</Filter>
    </ClInclude>
    <ClInclude Include="util\ImageParser.h">
      <Filter>头文件\util</Filter>
    </ClInclude>
  </ItemGroup>
  <ItemGroup>
    <ClCompile Include="ImageFilter.cpp">
      <Filter>源文件</Filter>
    </ClCompile>
    <ClCompile Include="Indicator.cpp">
      <Filter>源文件</Filter>
    </ClCompile>
    <ClCompile Include="util\JSONParser.cpp">
      <Filter>源文件\util</Filter>
    </ClCompile>
    <ClCompile Include="util\Visualizer.cpp">
      <Filter>源文件\util</Filter>
    </ClCompile>
    <ClCompile Include="main.cpp">
      <Filter>源文件</Filter>
    </ClCompile>
    <ClCompile Include="indicator\SplitIndicator.cpp">
      <Filter>源文件\indicator</Filter>
    </ClCompile>
    <ClCompile Include="util\ImageParser.cpp">
      <Filter>源文件\util</Filter>
    </ClCompile>
  </ItemGroup>
</Project>